
Microsoft Visual Studio Solution File, Format Version 12.00
# Visual Studio 15
Project("{FAE04EC0-301F-11D3-BF4B-00C04F79EFBC}") = "FlurlProject.Android", "Flurl.Android\FlurlProject.Android.csproj", "{68F66489-6FCA-4840-B6E6-B292E75E766E}"
EndProject
Project("{FAE04EC0-301F-11D3-BF4B-00C04F79EFBC}") = "FlurlProject.iOS", "Flurl.iOS\FlurlProject.iOS.csproj", "{56DC41D5-AE0B-410D-B34D-5C766673F7D8}"
EndProject
Project("{FAE04EC0-301F-11D3-BF4B-00C04F79EFBC}") = "FlurlProject", "Flurl\FlurlProject.csproj", "{2964DCE9-62F5-477F-BDCC-B45DCA032CDF}"
EndProject
Global
	GlobalSection(SolutionConfigurationPlatforms) = preSolution
		Debug|Any CPU = Debug|Any CPU
		Release|Any CPU = Release|Any CPU
		Debug|iPhoneSimulator = Debug|iPhoneSimulator
		Release|iPhoneSimulator = Release|iPhoneSimulator
		Debug|iPhone = Debug|iPhone
		Release|iPhone = Release|iPhone
	EndGlobalSection
	GlobalSection(ProjectConfigurationPlatforms) = postSolution
		{68F66489-6FCA-4840-B6E6-B292E75E766E}.Debug|Any CPU.ActiveCfg = Debug|Any CPU
		{68F66489-6FCA-4840-B6E6-B292E75E766E}.Debug|Any CPU.Build.0 = Debug|Any CPU
		{68F66489-6FCA-4840-B6E6-B292E75E766E}.Release|Any CPU.ActiveCfg = Release|Any CPU
		{68F66489-6FCA-4840-B6E6-B292E75E766E}.Release|Any CPU.Build.0 = Release|Any CPU
		{68F66489-6FCA-4840-B6E6-B292E75E766E}.Debug|iPhoneSimulator.ActiveCfg = Debug|Any CPU
		{68F66489-6FCA-4840-B6E6-B292E75E766E}.Debug|iPhoneSimulator.Build.0 = Debug|Any CPU
		{68F66489-6FCA-4840-B6E6-B292E75E766E}.Release|iPhoneSimulator.ActiveCfg = Release|Any CPU
		{68F66489-6FCA-4840-B6E6-B292E75E766E}.Release|iPhoneSimulator.Build.0 = Release|Any CPU
		{68F66489-6FCA-4840-B6E6-B292E75E766E}.Debug|iPhone.ActiveCfg = Debug|Any CPU
		{68F66489-6FCA-4840-B6E6-B292E75E766E}.Debug|iPhone.Build.0 = Debug|Any CPU
		{68F66489-6FCA-4840-B6E6-B292E75E766E}.Release|iPhone.ActiveCfg = Release|Any CPU
		{68F66489-6FCA-4840-B6E6-B292E75E766E}.Release|iPhone.Build.0 = Release|Any CPU
		{56DC41D5-AE0B-410D-B34D-5C766673F7D8}.Debug|Any CPU.ActiveCfg = Debug|iPhoneSimulator
		{56DC41D5-AE0B-410D-B34D-5C766673F7D8}.Debug|Any CPU.Build.0 = Debug|iPhoneSimulator
		{56DC41D5-AE0B-410D-B34D-5C766673F7D8}.Release|Any CPU.ActiveCfg = Release|iPhoneSimulator
		{56DC41D5-AE0B-410D-B34D-5C766673F7D8}.Release|Any CPU.Build.0 = Release|iPhoneSimulator
		{56DC41D5-AE0B-410D-B34D-5C766673F7D8}.Debug|iPhoneSimulator.ActiveCfg = Debug|iPhoneSimulator
		{56DC41D5-AE0B-410D-B34D-5C766673F7D8}.Debug|iPhoneSimulator.Build.0 = Debug|iPhoneSimulator
		{56DC41D5-AE0B-410D-B34D-5C766673F7D8}.Release|iPhoneSimulator.ActiveCfg = Release|iPhoneSimulator
		{56DC41D5-AE0B-410D-B34D-5C766673F7D8}.Release|iPhoneSimulator.Build.0 = Release|iPhoneSimulator
		{56DC41D5-AE0B-410D-B34D-5C766673F7D8}.Debug|iPhone.ActiveCfg = Debug|iPhone
		{56DC41D5-AE0B-410D-B34D-5C766673F7D8}.Debug|iPhone.Build.0 = Debug|iPhone
		{56DC41D5-AE0B-410D-B34D-5C766673F7D8}.Release|iPhone.ActiveCfg = Release|iPhone
		{56DC41D5-AE0B-410D-B34D-5C766673F7D8}.Release|iPhone.Build.0 = Release|iPhone
		{2964DCE9-62F5-477F-BDCC-B45DCA032CDF}.Debug|Any CPU.ActiveCfg = Debug|Any CPU
		{2964DCE9-62F5-477F-BDCC-B45DCA032CDF}.Debug|Any CPU.Build.0 = Debug|Any CPU
		{2964DCE9-62F5-477F-BDCC-B45DCA032CDF}.Release|Any CPU.ActiveCfg = Release|Any CPU
		{2964DCE9-62F5-477F-BDCC-B45DCA032CDF}.Release|Any CPU.Build.0 = Release|Any CPU
		{2964DCE9-62F5-477F-BDCC-B45DCA032CDF}.Debug|iPhoneSimulator.ActiveCfg = Debug|Any CPU
		{2964DCE9-62F5-477F-BDCC-B45DCA032CDF}.Debug|iPhoneSimulator.Build.0 = Debug|Any CPU
		{2964DCE9-62F5-477F-BDCC-B45DCA032CDF}.Release|iPhoneSimulator.ActiveCfg = Release|Any CPU
		{2964DCE9-62F5-477F-BDCC-B45DCA032CDF}.Release|iPhoneSimulator.Build.0 = Release|Any CPU
		{2964DCE9-62F5-477F-BDCC-B45DCA032CDF}.Debug|iPhone.ActiveCfg = Debug|Any CPU
		{2964DCE9-62F5-477F-BDCC-B45DCA032CDF}.Debug|iPhone.Build.0 = Debug|Any CPU
		{2964DCE9-62F5-477F-BDCC-B45DCA032CDF}.Release|iPhone.ActiveCfg = Release|Any CPU
		{2964DCE9-62F5-477F-BDCC-B45DCA032CDF}.Release|iPhone.Build.0 = Release|Any CPU
	EndGlobalSection
EndGlobal
